
Microsoft Visual Studio Solution File, Format Version 12.00
# Visual Studio Version 17
VisualStudioVersion = 17.10.35027.167
MinimumVisualStudioVersion = 10.0.40219.1
Project("{FAE04EC0-301F-11D3-BF4B-00C04F79EFBC}") = "MoneyManagerWebAPI", "MoneyManagerWebAPI\MoneyManagerWebAPI.csproj", "{8D6B0AA1-7025-4DE6-A156-6A3A40E6E7E3}"
EndProject
Project("{9A19103F-16F7-4668-BE54-9A1E7A4F7556}") = "MoneyManager", "..\MoneyManager\MoneyManager\MoneyManager.csproj", "{5EB703FF-2652-47C2-AAC3-5FE138788511}"
EndProject
Global
	GlobalSection(SolutionConfigurationPlatforms) = preSolution
		Debug|Any CPU = Debug|Any CPU
		Release|Any CPU = Release|Any CPU
	EndGlobalSection
	GlobalSection(ProjectConfigurationPlatforms) = postSolution
		{8D6B0AA1-7025-4DE6-A156-6A3A40E6E7E3}.Debug|Any CPU.ActiveCfg = Debug|Any CPU
		{8D6B0AA1-7025-4DE6-A156-6A3A40E6E7E3}.Debug|Any CPU.Build.0 = Debug|Any CPU
		{8D6B0AA1-7025-4DE6-A156-6A3A40E6E7E3}.Release|Any CPU.ActiveCfg = Release|Any CPU
		{8D6B0AA1-7025-4DE6-A156-6A3A40E6E7E3}.Release|Any CPU.Build.0 = Release|Any CPU
		{5EB703FF-2652-47C2-AAC3-5FE138788511}.Debug|Any CPU.ActiveCfg = Debug|Any CPU
		{5EB703FF-2652-47C2-AAC3-5FE138788511}.Debug|Any CPU.Build.0 = Debug|Any CPU
		{5EB703FF-2652-47C2-AAC3-5FE138788511}.Debug|Any CPU.Deploy.0 = Debug|Any CPU
		{5EB703FF-2652-47C2-AAC3-5FE138788511}.Release|Any CPU.ActiveCfg = Release|Any CPU
		{5EB703FF-2652-47C2-AAC3-5FE138788511}.Release|Any CPU.Build.0 = Release|Any CPU
		{5EB703FF-2652-47C2-AAC3-5FE138788511}.Release|Any CPU.Deploy.0 = Release|Any CPU
	EndGlobalSection
	GlobalSection(SolutionProperties) = preSolution
		HideSolutionNode = FALSE
	EndGlobalSection
	GlobalSection(ExtensibilityGlobals) = postSolution
		SolutionGuid = {F91858A4-2378-4AF7-BD98-9F1E87FE3417}
	EndGlobalSection
EndGlobal
